// !$*UTF8*$!
{
	archiveVersion = 1;
	classes = {
	};
	objectVersion = 46;
	objects = {

/* Begin PBXBuildFile section */
		7E32131E1B7BA09500448DB1 /* Video.swift in Sources */ = {isa = PBXBuildFile; fileRef = 7E32131D1B7BA09500448DB1 /* Video.swift */; };
		7E42DDE51B793CC20042A07E /* AppDelegate.swift in Sources */ = {isa = PBXBuildFile; fileRef = 7E42DDE41B793CC20042A07E /* AppDelegate.swift */; };
		7E42DDEC1B793CC20042A07E /* Images.xcassets in Resources */ = {isa = PBXBuildFile; fileRef = 7E42DDEB1B793CC20042A07E /* Images.xcassets */; };
		7E42DDEF1B793CC20042A07E /* LaunchScreen.xib in Resources */ = {isa = PBXBuildFile; fileRef = 7E42DDED1B793CC20042A07E /* LaunchScreen.xib */; };
		7E42DDFB1B793CC20042A07E /* VimeoStaffPicksTests.swift in Sources */ = {isa = PBXBuildFile; fileRef = 7E42DDFA1B793CC20042A07E /* VimeoStaffPicksTests.swift */; };
		7E42DE061B7941480042A07E /* StaffPicksViewController.swift in Sources */ = {isa = PBXBuildFile; fileRef = 7E42DE041B7941480042A07E /* StaffPicksViewController.swift */; };
		7E42DE071B7941480042A07E /* StaffPicksViewController.xib in Resources */ = {isa = PBXBuildFile; fileRef = 7E42DE051B7941480042A07E /* StaffPicksViewController.xib */; };
		7E42DE0A1B7962850042A07E /* VideoCell.swift in Sources */ = {isa = PBXBuildFile; fileRef = 7E42DE081B7962850042A07E /* VideoCell.swift */; };
		7E42DE0B1B7962850042A07E /* VideoCell.xib in Resources */ = {isa = PBXBuildFile; fileRef = 7E42DE091B7962850042A07E /* VideoCell.xib */; };
		7E42DE0D1B796CF40042A07E /* VimeoClient.swift in Sources */ = {isa = PBXBuildFile; fileRef = 7E42DE0C1B796CF40042A07E /* VimeoClient.swift */; };
/* End PBXBuildFile section */

/* Begin PBXContainerItemProxy section */
		7E42DDF51B793CC20042A07E /* PBXContainerItemProxy */ = {
			isa = PBXContainerItemProxy;
			containerPortal = 7E42DDD71B793CC20042A07E /* Project object */;
			proxyType = 1;
			remoteGlobalIDString = 7E42DDDE1B793CC20042A07E;
			remoteInfo = VimeoStaffPicks;
		};
/* End PBXContainerItemProxy section */

/* Begin PBXFileReference section */
		7E32131D1B7BA09500448DB1 /* Video.swift */ = {isa = PBXFileReference; fileEncoding = 4; lastKnownFileType = sourcecode.swift; path = Video.swift; sourceTree = "<group>"; };
		7E42DDDF1B793CC20042A07E /* VimeoStaffPicks.app */ = {isa = PBXFileReference; explicitFileType = wrapper.application; includeInIndex = 0; path = VimeoStaffPicks.app; sourceTree = BUILT_PRODUCTS_DIR; };
		7E42DDE31B793CC20042A07E /* Info.plist */ = {isa = PBXFileReference; lastKnownFileType = text.plist.xml; path = Info.plist; sourceTree = "<group>"; };
		7E42DDE41B793CC20042A07E /* AppDelegate.swift */ = {isa = PBXFileReference; lastKnownFileType = sourcecode.swift; path = AppDelegate.swift; sourceTree = "<group>"; };
		7E42DDEB1B793CC20042A07E /* Images.xcassets */ = {isa = PBXFileReference; lastKnownFileType = folder.assetcatalog; path = Images.xcassets; sourceTree = "<group>"; };
		7E42DDEE1B793CC20042A07E /* Base */ = {isa = PBXFileReference; lastKnownFileType = file.xib; name = Base; path = Base.lproj/LaunchScreen.xib; sourceTree = "<group>"; };
		7E42DDF41B793CC20042A07E /* VimeoStaffPicksTests.xctest */ = {isa = PBXFileReference; explicitFileType = wrapper.cfbundle; includeInIndex = 0; path = VimeoStaffPicksTests.xctest; sourceTree = BUILT_PRODUCTS_DIR; };
		7E42DDF91B793CC20042A07E /* Info.plist */ = {isa = PBXFileReference; lastKnownFileType = text.plist.xml; path = Info.plist; sourceTree = "<group>"; };
		7E42DDFA1B793CC20042A07E /* VimeoStaffPicksTests.swift */ = {isa = PBXFileReference; lastKnownFileType = sourcecode.swift; path = VimeoStaffPicksTests.swift; sourceTree = "<group>"; };
		7E42DE041B7941480042A07E /* StaffPicksViewController.swift */ = {isa = PBXFileReference; fileEncoding = 4; lastKnownFileType = sourcecode.swift; path = StaffPicksViewController.swift; sourceTree = "<group>"; };
		7E42DE051B7941480042A07E /* StaffPicksViewController.xib */ = {isa = PBXFileReference; fileEncoding = 4; lastKnownFileType = file.xib; path = StaffPicksViewController.xib; sourceTree = "<group>"; };
		7E42DE081B7962850042A07E /* VideoCell.swift */ = {isa = PBXFileReference; fileEncoding = 4; lastKnownFileType = sourcecode.swift; path = VideoCell.swift; sourceTree = "<group>"; };
		7E42DE091B7962850042A07E /* VideoCell.xib */ = {isa = PBXFileReference; fileEncoding = 4; lastKnownFileType = file.xib; path = VideoCell.xib; sourceTree = "<group>"; };
		7E42DE0C1B796CF40042A07E /* VimeoClient.swift */ = {isa = PBXFileReference; fileEncoding = 4; lastKnownFileType = sourcecode.swift; path = VimeoClient.swift; sourceTree = "<group>"; };
/* End PBXFileReference section */

/* Begin PBXFrameworksBuildPhase section */
		7E42DDDC1B793CC20042A07E /* Frameworks */ = {
			isa = PBXFrameworksBuildPhase;
			buildActionMask = 2147483647;
			files = (
			);
			runOnlyForDeploymentPostprocessing = 0;
		};
		7E42DDF11B793CC20042A07E /* Frameworks */ = {
			isa = PBXFrameworksBuildPhase;
			buildActionMask = 2147483647;
			files = (
			);
			runOnlyForDeploymentPostprocessing = 0;
		};
/* End PBXFrameworksBuildPhase section */

/* Begin PBXGroup section */
		7E42DDD61B793CC20042A07E = {
			isa = PBXGroup;
			children = (
				7E42DDE11B793CC20042A07E /* VimeoStaffPicks */,
				7E42DDF71B793CC20042A07E /* VimeoStaffPicksTests */,
				7E42DDE01B793CC20042A07E /* Products */,
			);
			sourceTree = "<group>";
		};
		7E42DDE01B793CC20042A07E /* Products */ = {
			isa = PBXGroup;
			children = (
				7E42DDDF1B793CC20042A07E /* VimeoStaffPicks.app */,
				7E42DDF41B793CC20042A07E /* VimeoStaffPicksTests.xctest */,
			);
			name = Products;
			sourceTree = "<group>";
		};
		7E42DDE11B793CC20042A07E /* VimeoStaffPicks */ = {
			isa = PBXGroup;
			children = (
				7E42DDE41B793CC20042A07E /* AppDelegate.swift */,
				7E42DE041B7941480042A07E /* StaffPicksViewController.swift */,
				7E42DE051B7941480042A07E /* StaffPicksViewController.xib */,
				7E42DE081B7962850042A07E /* VideoCell.swift */,
				7E42DE091B7962850042A07E /* VideoCell.xib */,
				7E42DE0C1B796CF40042A07E /* VimeoClient.swift */,
				7E32131D1B7BA09500448DB1 /* Video.swift */,
				7E42DDEB1B793CC20042A07E /* Images.xcassets */,
				7E42DDED1B793CC20042A07E /* LaunchScreen.xib */,
				7E42DDE21B793CC20042A07E /* Supporting Files */,
			);
			path = VimeoStaffPicks;
			sourceTree = "<group>";
		};
		7E42DDE21B793CC20042A07E /* Supporting Files */ = {
			isa = PBXGroup;
			children = (
				7E42DDE31B793CC20042A07E /* Info.plist */,
			);
			name = "Supporting Files";
			sourceTree = "<group>";
		};
		7E42DDF71B793CC20042A07E /* VimeoStaffPicksTests */ = {
			isa = PBXGroup;
			children = (
				7E42DDFA1B793CC20042A07E /* VimeoStaffPicksTests.swift */,
				7E42DDF81B793CC20042A07E /* Supporting Files */,
			);
			path = VimeoStaffPicksTests;
			sourceTree = "<group>";
		};
		7E42DDF81B793CC20042A07E /* Supporting Files */ = {
			isa = PBXGroup;
			children = (
				7E42DDF91B793CC20042A07E /* Info.plist */,
			);
			name = "Supporting Files";
			sourceTree = "<group>";
		};
/* End PBXGroup section */

/* Begin PBXNativeTarget section */
		7E42DDDE1B793CC20042A07E /* VimeoStaffPicks */ = {
			isa = PBXNativeTarget;
			buildConfigurationList = 7E42DDFE1B793CC20042A07E /* Build configuration list for PBXNativeTarget "VimeoStaffPicks" */;
			buildPhases = (
				7E42DDDB1B793CC20042A07E /* Sources */,
				7E42DDDC1B793CC20042A07E /* Frameworks */,
				7E42DDDD1B793CC20042A07E /* Resources */,
			);
			buildRules = (
			);
			dependencies = (
			);
			name = VimeoStaffPicks;
			productName = VimeoStaffPicks;
			productReference = 7E42DDDF1B793CC20042A07E /* VimeoStaffPicks.app */;
			productType = "com.apple.product-type.application";
		};
		7E42DDF31B793CC20042A07E /* VimeoStaffPicksTests */ = {
			isa = PBXNativeTarget;
			buildConfigurationList = 7E42DE011B793CC20042A07E /* Build configuration list for PBXNativeTarget "VimeoStaffPicksTests" */;
			buildPhases = (
				7E42DDF01B793CC20042A07E /* Sources */,
				7E42DDF11B793CC20042A07E /* Frameworks */,
				7E42DDF21B793CC20042A07E /* Resources */,
			);
			buildRules = (
			);
			dependencies = (
				7E42DDF61B793CC20042A07E /* PBXTargetDependency */,
			);
			name = VimeoStaffPicksTests;
			productName = VimeoStaffPicksTests;
			productReference = 7E42DDF41B793CC20042A07E /* VimeoStaffPicksTests.xctest */;
			productType = "com.apple.product-type.bundle.unit-test";
		};
/* End PBXNativeTarget section */

/* Begin PBXProject section */
		7E42DDD71B793CC20042A07E /* Project object */ = {
			isa = PBXProject;
			attributes = {
				LastUpgradeCheck = 0640;
				ORGANIZATIONNAME = "Michael Updegraff";
				TargetAttributes = {
					7E42DDDE1B793CC20042A07E = {
						CreatedOnToolsVersion = 6.4;
					};
					7E42DDF31B793CC20042A07E = {
						CreatedOnToolsVersion = 6.4;
						TestTargetID = 7E42DDDE1B793CC20042A07E;
					};
				};
			};
			buildConfigurationList = 7E42DDDA1B793CC20042A07E /* Build configuration list for PBXProject "VimeoStaffPicks" */;
			compatibilityVersion = "Xcode 3.2";
			developmentRegion = English;
			hasScannedForEncodings = 0;
			knownRegions = (
				en,
				Base,
			);
			mainGroup = 7E42DDD61B793CC20042A07E;
			productRefGroup = 7E42DDE01B793CC20042A07E /* Products */;
			projectDirPath = "";
			projectRoot = "";
			targets = (
				7E42DDDE1B793CC20042A07E /* VimeoStaffPicks */,
				7E42DDF31B793CC20042A07E /* VimeoStaffPicksTests */,
			);
		};
/* End PBXProject section */

/* Begin PBXResourcesBuildPhase section */
		7E42DDDD1B793CC20042A07E /* Resources */ = {
			isa = PBXResourcesBuildPhase;
			buildActionMask = 2147483647;
			files = (
				7E42DDEF1B793CC20042A07E /* LaunchScreen.xib in Resources */,
				7E42DE0B1B7962850042A07E /* VideoCell.xib in Resources */,
				7E42DDEC1B793CC20042A07E /* Images.xcassets in Resources */,
				7E42DE071B7941480042A07E /* StaffPicksViewController.xib in Resources */,
			);
			runOnlyForDeploymentPostprocessing = 0;
		};
		7E42DDF21B793CC20042A07E /* Resources */ = {
			isa = PBXResourcesBuildPhase;
			buildActionMask = 2147483647;
			files = (
			);
			runOnlyForDeploymentPostprocessing = 0;
		};
/* End PBXResourcesBuildPhase section */

/* Begin PBXSourcesBuildPhase section */
		7E42DDDB1B793CC20042A07E /* Sources */ = {
			isa = PBXSourcesBuildPhase;
			buildActionMask = 2147483647;
			files = (
				7E42DE061B7941480042A07E /* StaffPicksViewController.swift in Sources */,
				7E42DDE51B793CC20042A07E /* AppDelegate.swift in Sources */,
				7E42DE0A1B7962850042A07E /* VideoCell.swift in Sources */,
				7E42DE0D1B796CF40042A07E /* VimeoClient.swift in Sources */,
				7E32131E1B7BA09500448DB1 /* Video.swift in Sources */,
			);
			runOnlyForDeploymentPostprocessing = 0;
		};
		7E42DDF01B793CC20042A07E /* Sources */ = {
			isa = PBXSourcesBuildPhase;
			buildActionMask = 2147483647;
			files = (
				7E42DDFB1B793CC20042A07E /* VimeoStaffPicksTests.swift in Sources */,
			);
			runOnlyForDeploymentPostprocessing = 0;
		};
/* End PBXSourcesBuildPhase section */

/* Begin PBXTargetDependency section */
		7E42DDF61B793CC20042A07E /* PBXTargetDependency */ = {
			isa = PBXTargetDependency;
			target = 7E42DDDE1B793CC20042A07E /* VimeoStaffPicks */;
			targetProxy = 7E42DDF51B793CC20042A07E /* PBXContainerItemProxy */;
		};
/* End PBXTargetDependency section */

/* Begin PBXVariantGroup section */
		7E42DDED1B793CC20042A07E /* LaunchScreen.xib */ = {
			isa = PBXVariantGroup;
			children = (
				7E42DDEE1B793CC20042A07E /* Base */,
			);
			name = LaunchScreen.xib;
			sourceTree = "<group>";
		};
/* End PBXVariantGroup section */

/* Begin XCBuildConfiguration section */
		7E42DDFC1B793CC20042A07E /* Debug */ = {
			isa = XCBuildConfiguration;
			buildSettings = {
				ALWAYS_SEARCH_USER_PATHS = NO;
				CLANG_CXX_LANGUAGE_STANDARD = "gnu++0x";
				CLANG_CXX_LIBRARY = "libc++";
				CLANG_ENABLE_MODULES = YES;
				CLANG_ENABLE_OBJC_ARC = YES;
				CLANG_WARN_BOOL_CONVERSION = YES;
				CLANG_WARN_CONSTANT_CONVERSION = YES;
				CLANG_WARN_DIRECT_OBJC_ISA_USAGE = YES_ERROR;
				CLANG_WARN_EMPTY_BODY = YES;
				CLANG_WARN_ENUM_CONVERSION = YES;
				CLANG_WARN_INT_CONVERSION = YES;
				CLANG_WARN_OBJC_ROOT_CLASS = YES_ERROR;
				CLANG_WARN_UNREACHABLE_CODE = YES;
				CLANG_WARN__DUPLICATE_METHOD_MATCH = YES;
				"CODE_SIGN_IDENTITY[sdk=iphoneos*]" = "iPhone Developer";
				COPY_PHASE_STRIP = NO;
				DEBUG_INFORMATION_FORMAT = "dwarf-with-dsym";
				ENABLE_STRICT_OBJC_MSGSEND = YES;
				GCC_C_LANGUAGE_STANDARD = gnu99;
				GCC_DYNAMIC_NO_PIC = NO;
				GCC_NO_COMMON_BLOCKS = YES;
				GCC_OPTIMIZATION_LEVEL = 0;
				GCC_PREPROCESSOR_DEFINITIONS = (
					"DEBUG=1",
					"$(inherited)",
				);
				GCC_SYMBOLS_PRIVATE_EXTERN = NO;
				GCC_WARN_64_TO_32_BIT_CONVERSION = YES;
				GCC_WARN_ABOUT_RETURN_TYPE = YES_ERROR;
				GCC_WARN_UNDECLARED_SELECTOR = YES;
				GCC_WARN_UNINITIALIZED_AUTOS = YES_AGGRESSIVE;
				GCC_WARN_UNUSED_FUNCTION = YES;
				GCC_WARN_UNUSED_VARIABLE = YES;
				IPHONEOS_DEPLOYMENT_TARGET = 8.4;
				MTL_ENABLE_DEBUG_INFO = YES;
				ONLY_ACTIVE_ARCH = YES;
				SDKROOT = iphoneos;
				SWIFT_OPTIMIZATION_LEVEL = "-Onone";
			};
			name = Debug;
		};
		7E42DDFD1B793CC20042A07E /* Release */ = {
			isa = XCBuildConfiguration;
			buildSettings = {
				ALWAYS_SEARCH_USER_PATHS = NO;
				CLANG_CXX_LANGUAGE_STANDARD = "gnu++0x";
				CLANG_CXX_LIBRARY = "libc++";
				CLANG_ENABLE_MODULES = YES;
				CLANG_ENABLE_OBJC_ARC = YES;
				CLANG_WARN_BOOL_CONVERSION = YES;
				CLANG_WARN_CONSTANT_CONVERSION = YES;
				CLANG_WARN_DIRECT_OBJC_ISA_USAGE = YES_ERROR;
				CLANG_WARN_EMPTY_BODY = YES;
				CLANG_WARN_ENUM_CONVERSION = YES;
				CLANG_WARN_INT_CONVERSION = YES;
				CLANG_WARN_OBJC_ROOT_CLASS = YES_ERROR;
				CLANG_WARN_UNREACHABLE_CODE = YES;
				CLANG_WARN__DUPLICATE_METHOD_MATCH = YES;
				"CODE_SIGN_IDENTITY[sdk=iphoneos*]" = "iPhone Developer";
				COPY_PHASE_STRIP = NO;
				DEBUG_INFORMATION_FORMAT = "dwarf-with-dsym";
				ENABLE_NS_ASSERTIONS = NO;
				ENABLE_STRICT_OBJC_MSGSEND = YES;
				GCC_C_LANGUAGE_STANDARD = gnu99;
				GCC_NO_COMMON_BLOCKS = YES;
				GCC_WARN_64_TO_32_BIT_CONVERSION = YES;
				GCC_WARN_ABOUT_RETURN_TYPE = YES_ERROR;
				GCC_WARN_UNDECLARED_SELECTOR = YES;
				GCC_WARN_UNINITIALIZED_AUTOS = YES_AGGRESSIVE;
				GCC_WARN_UNUSED_FUNCTION = YES;
				GCC_WARN_UNUSED_VARIABLE = YES;
				IPHONEOS_DEPLOYMENT_TARGET = 8.4;
				MTL_ENABLE_DEBUG_INFO = NO;
				SDKROOT = iphoneos;
				VALIDATE_PRODUCT = YES;
			};
			name = Release;
		};
		7E42DDFF1B793CC20042A07E /* Debug */ = {
			isa = XCBuildConfiguration;
			buildSettings = {
				ASSETCATALOG_COMPILER_APPICON_NAME = AppIcon;
				INFOPLIST_FILE = VimeoStaffPicks/Info.plist;
				LD_RUNPATH_SEARCH_PATHS = "$(inherited) @executable_path/Frameworks";
				PRODUCT_NAME = "$(TARGET_NAME)";
			};
			name = Debug;
		};
		7E42DE001B793CC20042A07E /* Release */ = {
			isa = XCBuildConfiguration;
			buildSettings = {
				ASSETCATALOG_COMPILER_APPICON_NAME = AppIcon;
				INFOPLIST_FILE = VimeoStaffPicks/Info.plist;
				LD_RUNPATH_SEARCH_PATHS = "$(inherited) @executable_path/Frameworks";
				PRODUCT_NAME = "$(TARGET_NAME)";
			};
			name = Release;
		};
		7E42DE021B793CC20042A07E /* Debug */ = {
			isa = XCBuildConfiguration;
			buildSettings = {
				BUNDLE_LOADER = "$(TEST_HOST)";
				FRAMEWORK_SEARCH_PATHS = (
					"$(SDKROOT)/Developer/Library/Frameworks",
					"$(inherited)",
				);
				GCC_PREPROCESSOR_DEFINITIONS = (
					"DEBUG=1",
					"$(inherited)",
				);
				INFOPLIST_FILE = VimeoStaffPicksTests/Info.plist;
				LD_RUNPATH_SEARCH_PATHS = "$(inherited) @executable_path/Frameworks @loader_path/Frameworks";
				PRODUCT_NAME = "$(TARGET_NAME)";
				TEST_HOST = "$(BUILT_PRODUCTS_DIR)/VimeoStaffPicks.app/VimeoStaffPicks";
			};
			name = Debug;
		};
		7E42DE031B793CC20042A07E /* Release */ = {
			isa = XCBuildConfiguration;
			buildSettings = {
				BUNDLE_LOADER = "$(TEST_HOST)";
				FRAMEWORK_SEARCH_PATHS = (
					"$(SDKROOT)/Developer/Library/Frameworks",
					"$(inherited)",
				);
				INFOPLIST_FILE = VimeoStaffPicksTests/Info.plist;
				LD_RUNPATH_SEARCH_PATHS = "$(inherited) @executable_path/Frameworks @loader_path/Frameworks";
				PRODUCT_NAME = "$(TARGET_NAME)";
				TEST_HOST = "$(BUILT_PRODUCTS_DIR)/VimeoStaffPicks.app/VimeoStaffPicks";
			};
			name = Release;
		};
/* End XCBuildConfiguration section */

/* Begin XCConfigurationList section */
		7E42DDDA1B793CC20042A07E /* Build configuration list for PBXProject "VimeoStaffPicks" */ = {
			isa = XCConfigurationList;
			buildConfigurations = (
				7E42DDFC1B793CC20042A07E /* Debug */,
				7E42DDFD1B793CC20042A07E /* Release */,
			);
			defaultConfigurationIsVisible = 0;
			defaultConfigurationName = Release;
		};
		7E42DDFE1B793CC20042A07E /* Build configuration list for PBXNativeTarget "VimeoStaffPicks" */ = {
			isa = XCConfigurationList;
			buildConfigurations = (
				7E42DDFF1B793CC20042A07E /* Debug */,
				7E42DE001B793CC20042A07E /* Release */,
			);
			defaultConfigurationIsVisible = 0;
			defaultConfigurationName = Release;
		};
		7E42DE011B793CC20042A07E /* Build configuration list for PBXNativeTarget "VimeoStaffPicksTests" */ = {
			isa = XCConfigurationList;
			buildConfigurations = (
				7E42DE021B793CC20042A07E /* Debug */,
				7E42DE031B793CC20042A07E /* Release */,
			);
			defaultConfigurationIsVisible = 0;
			defaultConfigurationName = Release;
		};
/* End XCConfigurationList section */
	};
	rootObject = 7E42DDD71B793CC20042A07E /* Project object */;
}
